
Microsoft Visual Studio Solution File, Format Version 12.00
# Visual Studio 2013
VisualStudioVersion = 12.0.31101.0
MinimumVisualStudioVersion = 10.0.40219.1
Project("{888888A0-9F3D-457C-B088-3A5042F75D52}") = "DjangoUnityTutorial", "DjangoUnityTutorial\DjangoUnityTutorial.pyproj", "{D1AFCE55-1655-43DA-9784-5590108F4D79}"
EndProject
Global
	GlobalSection(SolutionConfigurationPlatforms) = preSolution
		Debug|Any CPU = Debug|Any CPU
		Release|Any CPU = Release|Any CPU
	EndGlobalSection
	GlobalSection(ProjectConfigurationPlatforms) = postSolution
		{D1AFCE55-1655-43DA-9784-5590108F4D79}.Debug|Any CPU.ActiveCfg = Debug|Any CPU
		{D1AFCE55-1655-43DA-9784-5590108F4D79}.Debug|Any CPU.Build.0 = Debug|Any CPU
		{D1AFCE55-1655-43DA-9784-5590108F4D79}.Release|Any CPU.ActiveCfg = Release|Any CPU
		{D1AFCE55-1655-43DA-9784-5590108F4D79}.Release|Any CPU.Build.0 = Release|Any CPU
	EndGlobalSection
	GlobalSection(SolutionProperties) = preSolution
		HideSolutionNode = FALSE
	EndGlobalSection
EndGlobal
